
Microsoft Visual Studio Solution File, Format Version 12.00
# Visual Studio Version 17
VisualStudioVersion = 17.6.33815.320
MinimumVisualStudioVersion = 10.0.40219.1
Project("{9A19103F-16F7-4668-BE54-9A1E7A4F7556}") = "FrontendBlazor", "FrontendBlazor\FrontendBlazor.csproj", "{7A0C3114-EBED-43E8-8CA9-7E788477670E}"
EndProject
Global
	GlobalSection(SolutionConfigurationPlatforms) = preSolution
		Debug|Any CPU = Debug|Any CPU
		Release|Any CPU = Release|Any CPU
	EndGlobalSection
	GlobalSection(ProjectConfigurationPlatforms) = postSolution
		{7A0C3114-EBED-43E8-8CA9-7E788477670E}.Debug|Any CPU.ActiveCfg = Debug|Any CPU
		{7A0C3114-EBED-43E8-8CA9-7E788477670E}.Debug|Any CPU.Build.0 = Debug|Any CPU
		{7A0C3114-EBED-43E8-8CA9-7E788477670E}.Release|Any CPU.ActiveCfg = Release|Any CPU
		{7A0C3114-EBED-43E8-8CA9-7E788477670E}.Release|Any CPU.Build.0 = Release|Any CPU
	EndGlobalSection
	GlobalSection(SolutionProperties) = preSolution
		HideSolutionNode = FALSE
	EndGlobalSection
	GlobalSection(ExtensibilityGlobals) = postSolution
		SolutionGuid = {66A2A06C-FD65-40E5-9121-5D7C9973FF71}
	EndGlobalSection
EndGlobal
